
Microsoft Visual Studio Solution File, Format Version 12.00
# Visual Studio Version 17
VisualStudioVersion = 17.0.31903.59
MinimumVisualStudioVersion = 10.0.40219.1
Project("{FAE04EC0-301F-11D3-BF4B-00C04F79EFBC}") = "RestaurantAPI", "RestaurantAPI\RestaurantAPI.csproj", "{26A0CD3B-9603-4B1D-AAD6-12913E237F8A}"
EndProject
Project("{FAE04EC0-301F-11D3-BF4B-00C04F79EFBC}") = "RestaurantClient", "RestaurantClient\RestaurantClient.csproj", "{973085F0-A37E-443B-AFC8-0C70480D25ED}"
EndProject
Global
	GlobalSection(SolutionConfigurationPlatforms) = preSolution
		Debug|Any CPU = Debug|Any CPU
		Release|Any CPU = Release|Any CPU
	EndGlobalSection
	GlobalSection(SolutionProperties) = preSolution
		HideSolutionNode = FALSE
	EndGlobalSection
	GlobalSection(ProjectConfigurationPlatforms) = postSolution
		{26A0CD3B-9603-4B1D-AAD6-12913E237F8A}.Debug|Any CPU.ActiveCfg = Debug|Any CPU
		{26A0CD3B-9603-4B1D-AAD6-12913E237F8A}.Debug|Any CPU.Build.0 = Debug|Any CPU
		{26A0CD3B-9603-4B1D-AAD6-12913E237F8A}.Release|Any CPU.ActiveCfg = Release|Any CPU
		{26A0CD3B-9603-4B1D-AAD6-12913E237F8A}.Release|Any CPU.Build.0 = Release|Any CPU
		{973085F0-A37E-443B-AFC8-0C70480D25ED}.Debug|Any CPU.ActiveCfg = Debug|Any CPU
		{973085F0-A37E-443B-AFC8-0C70480D25ED}.Debug|Any CPU.Build.0 = Debug|Any CPU
		{973085F0-A37E-443B-AFC8-0C70480D25ED}.Release|Any CPU.ActiveCfg = Release|Any CPU
		{973085F0-A37E-443B-AFC8-0C70480D25ED}.Release|Any CPU.Build.0 = Release|Any CPU
	EndGlobalSection
EndGlobal
